{"projectHash":"769848160654983fbb6e0c6a832da3c3a89964f6","productModuleName":"GreetMeTests","mockedTypeNames":["\/Users\/jasonallen\/src\/greetme2\/GreetMe\/GreetMeTests\/GreetMeTests.swift",[],"\/Users\/jasonallen\/src\/greetme2\/GreetMe\/GreetMeTests\/View Model Tests\/LoginViewModelTest.swift",["AuthService"]],"cliVersion":"0.20.0","sourceFilePaths":[{"path":"\/Users\/jasonallen\/src\/greetme2\/GreetMe\/GreetMeTests\/GreetMeTests.swift","hash":"0101dd7fba50df1d1840575e83b6a95b8eb17533"},{"path":"\/Users\/jasonallen\/src\/greetme2\/GreetMe\/GreetMeTests\/View Model Tests\/LoginViewModelTest.swift","hash":"06e0be041c71889bf75d42c16298c7be35ac4bff"},{"path":"\/Users\/jasonallen\/src\/greetme2\/GreetMe\/MockingbirdMocks\/GreetMeTests-GreetMeFrameworkMocks.generated.swift","hash":"3ce5a81012812adddfb7e1d1e2c4c232304394b2"}],"sourceRoot":"\/Users\/jasonallen\/src\/greetme2\/GreetMe","dependencies":[],"name":"GreetMeTests"}