{"projectHash":"34ebad0c684c483da4b5e9297caf2ea686fcfa5d","productModuleName":"GreetMeTests","mockedTypeNames":["\/Users\/jasonallen\/src\/greetme2\/GreetMe\/GreetMeTests\/GreetMeTests.swift",["AuthService"]],"cliVersion":"0.20.0","sourceFilePaths":[{"path":"\/Users\/jasonallen\/src\/greetme2\/GreetMe\/GreetMeTests\/GreetMeTests.swift","hash":"3a0beb177fc28a874daf28b92f92c64655904aac"},{"path":"\/Users\/jasonallen\/src\/greetme2\/GreetMe\/MockingbirdMocks\/GreetMeTests-GreetMeFrameworkMocks.generated.swift","hash":"9ee95985905b3026edda8387558aba91f579130a"}],"sourceRoot":"\/Users\/jasonallen\/src\/greetme2\/GreetMe","dependencies":[],"name":"GreetMeTests"}