{"cliVersion":"0.20.0","productModuleName":"GreetMeFramework","sourceFilePaths":[{"path":"\/Users\/jasonallen\/src\/greetme2\/GreetMe\/GreetMeFramework\/Services\/AuthService.swift","hash":"8177fb9bbe0349a1212121ec516ba5a0f669c1da"},{"path":"\/Users\/jasonallen\/src\/greetme2\/GreetMe\/GreetMeFramework\/View Models\/LoginViewModel.swift","hash":"4e02447ec1ac707c209fad9709986694d59f0494"},{"path":"\/Users\/jasonallen\/src\/greetme2\/GreetMe\/GreetMeFramework\/Views\/ContentView.swift","hash":"38973b53e06f602f0bff4bdd09b765fcbb02096c"}],"configHash":"29bf488f0b5ebb223767f36b495b21473d809cdc","dependencyPathsHash":"9c66aaf0598d5bb08689e6b47c986ec3bd9df333","targetPathsHash":"c0e7f6bc7a9c4f4738a7847459391e5e551c1f31","mockedTypesHash":"b393ab88d4f4dad7f5c57351e95c0ab9c14c09e2","outputHash":"9ee95985905b3026edda8387558aba91f579130a","dependencies":[],"sourceRoot":"\/Users\/jasonallen\/src\/greetme2\/GreetMe","supportingFilePaths":[{"path":"\/Users\/jasonallen\/src\/greetme2\/GreetMe\/MockingbirdSupport\/AppKit\/NSResponder.swift","hash":"21296949c6d570892c8665a450e62c234c938790"},{"path":"\/Users\/jasonallen\/src\/greetme2\/GreetMe\/MockingbirdSupport\/AppKit\/NSView.swift","hash":"85b3183be144012a7e105e292426c3d9f8966072"},{"path":"\/Users\/jasonallen\/src\/greetme2\/GreetMe\/MockingbirdSupport\/AppKit\/NSViewController.swift","hash":"d8785e8a119f2723c8840534df0ad8ac61409797"},{"path":"\/Users\/jasonallen\/src\/greetme2\/GreetMe\/MockingbirdSupport\/Foundation\/ObjectiveC\/NSObject.swift","hash":"cf466772b8c2d80d31f34b93b501b398fbb8854d"},{"path":"\/Users\/jasonallen\/src\/greetme2\/GreetMe\/MockingbirdSupport\/Foundation\/ObjectiveC\/NSObject.swift","hash":"cf466772b8c2d80d31f34b93b501b398fbb8854d"},{"path":"\/Users\/jasonallen\/src\/greetme2\/GreetMe\/MockingbirdSupport\/Swift\/Codable.swift","hash":"57675d8b36a2db7b093b3542bd3225a88992c3bc"},{"path":"\/Users\/jasonallen\/src\/greetme2\/GreetMe\/MockingbirdSupport\/Swift\/Comparable.swift","hash":"d0d110744eeaf2f8fdd2f8a41df3452f35286bb7"},{"path":"\/Users\/jasonallen\/src\/greetme2\/GreetMe\/MockingbirdSupport\/Swift\/Equatable.swift","hash":"2e7674f4e23a5ab7aef45b91b63c0ed5934c3b83"},{"path":"\/Users\/jasonallen\/src\/greetme2\/GreetMe\/MockingbirdSupport\/Swift\/Hashable.swift","hash":"f59ec249aa03e312f2bda7c3b397c0dccd880a21"},{"path":"\/Users\/jasonallen\/src\/greetme2\/GreetMe\/MockingbirdSupport\/Swift\/Misc.swift","hash":"c139249ec5799f1ec64c3d9e7d8c1f286b894035"},{"path":"\/Users\/jasonallen\/src\/greetme2\/GreetMe\/MockingbirdSupport\/UIKit\/UIControl.swift","hash":"9363a4c38002598dbbc1198f16fe7198b8151d24"},{"path":"\/Users\/jasonallen\/src\/greetme2\/GreetMe\/MockingbirdSupport\/UIKit\/UILabel.swift","hash":"e26a734695bfe008598ed0d8c936683db78f40ac"},{"path":"\/Users\/jasonallen\/src\/greetme2\/GreetMe\/MockingbirdSupport\/UIKit\/UIView.swift","hash":"10e6b03a9c5a76f720c17fcb82af82ff66994926"},{"path":"\/Users\/jasonallen\/src\/greetme2\/GreetMe\/MockingbirdSupport\/UIKit\/UIViewController.swift","hash":"bbd8980a22029f339b0e8746124fd06d94730570"}],"name":"GreetMeFramework","projectHash":"34ebad0c684c483da4b5e9297caf2ea686fcfa5d"}