{"projectHash":"0e6823a7f5b0847c05fadc91b7129078d564e3d4","productModuleName":"GreetMeTests","mockedTypeNames":["\/Users\/jasonallen\/src\/greetme2\/GreetMe\/GreetMeTests\/GreetMeTests.swift",[]],"cliVersion":"0.20.0","sourceFilePaths":[{"path":"\/Users\/jasonallen\/src\/greetme2\/GreetMe\/GreetMeTests\/GreetMeTests.swift","hash":"0101dd7fba50df1d1840575e83b6a95b8eb17533"},{"path":"\/Users\/jasonallen\/src\/greetme2\/GreetMe\/MockingbirdMocks\/GreetMeTests-GreetMeFrameworkMocks.generated.swift","hash":"df9af1448fa0d0545c6bd0c7ef9a2401500700e5"}],"sourceRoot":"\/Users\/jasonallen\/src\/greetme2\/GreetMe","dependencies":[],"name":"GreetMeTests"}